
Microsoft Visual Studio Solution File, Format Version 12.00
# Visual Studio Version 16
VisualStudioVersion = 16.0.29920.165
MinimumVisualStudioVersion = 10.0.40219.1
Project("{8BC9CEB8-8B4A-11D0-8D11-00A0C91BC942}") = "gameplay proj", "gameplay proj\gameplay proj.vcxproj", "{E0884B9F-33F8-4382-AAA1-37C172208071}"
EndProject
Global
	GlobalSection(SolutionConfigurationPlatforms) = preSolution
		Debug|x64 = Debug|x64
		Debug|x86 = Debug|x86
		Release|x64 = Release|x64
		Release|x86 = Release|x86
	EndGlobalSection
	GlobalSection(ProjectConfigurationPlatforms) = postSolution
		{E0884B9F-33F8-4382-AAA1-37C172208071}.Debug|x64.ActiveCfg = Debug|x64
		{E0884B9F-33F8-4382-AAA1-37C172208071}.Debug|x64.Build.0 = Debug|x64
		{E0884B9F-33F8-4382-AAA1-37C172208071}.Debug|x86.ActiveCfg = Debug|Win32
		{E0884B9F-33F8-4382-AAA1-37C172208071}.Debug|x86.Build.0 = Debug|Win32
		{E0884B9F-33F8-4382-AAA1-37C172208071}.Release|x64.ActiveCfg = Release|x64
		{E0884B9F-33F8-4382-AAA1-37C172208071}.Release|x64.Build.0 = Release|x64
		{E0884B9F-33F8-4382-AAA1-37C172208071}.Release|x86.ActiveCfg = Release|Win32
		{E0884B9F-33F8-4382-AAA1-37C172208071}.Release|x86.Build.0 = Release|Win32
	EndGlobalSection
	GlobalSection(SolutionProperties) = preSolution
		HideSolutionNode = FALSE
	EndGlobalSection
	GlobalSection(ExtensibilityGlobals) = postSolution
		SolutionGuid = {F3686D47-85D6-4194-8753-57857F7E338C}
	EndGlobalSection
EndGlobal
